
Microsoft Visual Studio Solution File, Format Version 12.00
# Visual Studio Version 17
VisualStudioVersion = 17.8.34525.116
MinimumVisualStudioVersion = 10.0.40219.1
Project("{9A19103F-16F7-4668-BE54-9A1E7A4F7556}") = "CRUD_xUnit_1", "CRUD_xUnit_1.csproj", "{A1F2AF81-43A6-451B-9101-E09BBB727EF5}"
EndProject
Project("{9A19103F-16F7-4668-BE54-9A1E7A4F7556}") = "CRUDTests", "..\CRUDTests\CRUDTests.csproj", "{38D22526-6BDC-414D-9F93-2E991AE53AA7}"
EndProject
Project("{9A19103F-16F7-4668-BE54-9A1E7A4F7556}") = "Entities", "..\Entities\Entities.csproj", "{C0DDBC02-A25D-47D1-B44F-F6165700E27C}"
EndProject
Project("{9A19103F-16F7-4668-BE54-9A1E7A4F7556}") = "Service-contracts", "..\Service-contracts\Service-contracts.csproj", "{92FB1030-F536-4B29-A386-FD4C419ADBF0}"
EndProject
Project("{FAE04EC0-301F-11D3-BF4B-00C04F79EFBC}") = "Sevices", "..\Sevices\Sevices.csproj", "{92399FDD-87FC-4560-B427-C5A06B08D14A}"
EndProject
Global
	GlobalSection(SolutionConfigurationPlatforms) = preSolution
		Debug|Any CPU = Debug|Any CPU
		Release|Any CPU = Release|Any CPU
	EndGlobalSection
	GlobalSection(ProjectConfigurationPlatforms) = postSolution
		{A1F2AF81-43A6-451B-9101-E09BBB727EF5}.Debug|Any CPU.ActiveCfg = Debug|Any CPU
		{A1F2AF81-43A6-451B-9101-E09BBB727EF5}.Debug|Any CPU.Build.0 = Debug|Any CPU
		{A1F2AF81-43A6-451B-9101-E09BBB727EF5}.Release|Any CPU.ActiveCfg = Release|Any CPU
		{A1F2AF81-43A6-451B-9101-E09BBB727EF5}.Release|Any CPU.Build.0 = Release|Any CPU
		{38D22526-6BDC-414D-9F93-2E991AE53AA7}.Debug|Any CPU.ActiveCfg = Debug|Any CPU
		{38D22526-6BDC-414D-9F93-2E991AE53AA7}.Debug|Any CPU.Build.0 = Debug|Any CPU
		{38D22526-6BDC-414D-9F93-2E991AE53AA7}.Release|Any CPU.ActiveCfg = Release|Any CPU
		{38D22526-6BDC-414D-9F93-2E991AE53AA7}.Release|Any CPU.Build.0 = Release|Any CPU
		{C0DDBC02-A25D-47D1-B44F-F6165700E27C}.Debug|Any CPU.ActiveCfg = Debug|Any CPU
		{C0DDBC02-A25D-47D1-B44F-F6165700E27C}.Debug|Any CPU.Build.0 = Debug|Any CPU
		{C0DDBC02-A25D-47D1-B44F-F6165700E27C}.Release|Any CPU.ActiveCfg = Release|Any CPU
		{C0DDBC02-A25D-47D1-B44F-F6165700E27C}.Release|Any CPU.Build.0 = Release|Any CPU
		{92FB1030-F536-4B29-A386-FD4C419ADBF0}.Debug|Any CPU.ActiveCfg = Debug|Any CPU
		{92FB1030-F536-4B29-A386-FD4C419ADBF0}.Debug|Any CPU.Build.0 = Debug|Any CPU
		{92FB1030-F536-4B29-A386-FD4C419ADBF0}.Release|Any CPU.ActiveCfg = Release|Any CPU
		{92FB1030-F536-4B29-A386-FD4C419ADBF0}.Release|Any CPU.Build.0 = Release|Any CPU
		{92399FDD-87FC-4560-B427-C5A06B08D14A}.Debug|Any CPU.ActiveCfg = Debug|Any CPU
		{92399FDD-87FC-4560-B427-C5A06B08D14A}.Debug|Any CPU.Build.0 = Debug|Any CPU
		{92399FDD-87FC-4560-B427-C5A06B08D14A}.Release|Any CPU.ActiveCfg = Release|Any CPU
		{92399FDD-87FC-4560-B427-C5A06B08D14A}.Release|Any CPU.Build.0 = Release|Any CPU
	EndGlobalSection
	GlobalSection(SolutionProperties) = preSolution
		HideSolutionNode = FALSE
	EndGlobalSection
	GlobalSection(ExtensibilityGlobals) = postSolution
		SolutionGuid = {962B5657-8187-4D1D-84CC-6919F7FF1789}
	EndGlobalSection
EndGlobal
